
Microsoft Visual Studio Solution File, Format Version 12.00
# Visual Studio Version 17
VisualStudioVersion = 17.4.33205.214
MinimumVisualStudioVersion = 10.0.40219.1
Project("{9A19103F-16F7-4668-BE54-9A1E7A4F7556}") = "Library.API", "Library.API\Library.API.csproj", "{044E3DE6-9AF0-42A6-85A6-67477E1E9C91}"
EndProject
Project("{FAE04EC0-301F-11D3-BF4B-00C04F79EFBC}") = "BubbleSort", "BubbleSort\BubbleSort.csproj", "{AC6F95DA-4F45-44B5-8849-22FFAEDBD2CA}"
EndProject
Global
	GlobalSection(SolutionConfigurationPlatforms) = preSolution
		Debug|Any CPU = Debug|Any CPU
		Release|Any CPU = Release|Any CPU
	EndGlobalSection
	GlobalSection(ProjectConfigurationPlatforms) = postSolution
		{044E3DE6-9AF0-42A6-85A6-67477E1E9C91}.Debug|Any CPU.ActiveCfg = Debug|Any CPU
		{044E3DE6-9AF0-42A6-85A6-67477E1E9C91}.Debug|Any CPU.Build.0 = Debug|Any CPU
		{044E3DE6-9AF0-42A6-85A6-67477E1E9C91}.Release|Any CPU.ActiveCfg = Release|Any CPU
		{044E3DE6-9AF0-42A6-85A6-67477E1E9C91}.Release|Any CPU.Build.0 = Release|Any CPU
		{AC6F95DA-4F45-44B5-8849-22FFAEDBD2CA}.Debug|Any CPU.ActiveCfg = Debug|Any CPU
		{AC6F95DA-4F45-44B5-8849-22FFAEDBD2CA}.Debug|Any CPU.Build.0 = Debug|Any CPU
		{AC6F95DA-4F45-44B5-8849-22FFAEDBD2CA}.Release|Any CPU.ActiveCfg = Release|Any CPU
		{AC6F95DA-4F45-44B5-8849-22FFAEDBD2CA}.Release|Any CPU.Build.0 = Release|Any CPU
	EndGlobalSection
	GlobalSection(SolutionProperties) = preSolution
		HideSolutionNode = FALSE
	EndGlobalSection
	GlobalSection(ExtensibilityGlobals) = postSolution
		SolutionGuid = {93DF3035-955B-4D23-9A18-8D2C3EAF9F41}
	EndGlobalSection
EndGlobal
